
Microsoft Visual Studio Solution File, Format Version 11.00
# Visual Studio 2010
Project("{8BC9CEB8-8B4A-11D0-8D11-00A0C91BC942}") = "Interceptor Firephoenix", "Interceptor Firephoenix.vcxproj", "{BE18494B-EB6D-408E-8BB4-F96532D1CB1C}"
EndProject
Global
	GlobalSection(SolutionConfigurationPlatforms) = preSolution
		Debug|Win32 = Debug|Win32
		Release|Win32 = Release|Win32
	EndGlobalSection
	GlobalSection(ProjectConfigurationPlatforms) = postSolution
		{BE18494B-EB6D-408E-8BB4-F96532D1CB1C}.Debug|Win32.ActiveCfg = Debug|Win32
		{BE18494B-EB6D-408E-8BB4-F96532D1CB1C}.Debug|Win32.Build.0 = Debug|Win32
		{BE18494B-EB6D-408E-8BB4-F96532D1CB1C}.Release|Win32.ActiveCfg = Release|Win32
		{BE18494B-EB6D-408E-8BB4-F96532D1CB1C}.Release|Win32.Build.0 = Release|Win32
	EndGlobalSection
	GlobalSection(SolutionProperties) = preSolution
		HideSolutionNode = FALSE
	EndGlobalSection
EndGlobal
